
Microsoft Visual Studio Solution File, Format Version 12.00
# Visual Studio Version 16
VisualStudioVersion = 16.0.30204.135
MinimumVisualStudioVersion = 10.0.40219.1
Project("{FAE04EC0-301F-11D3-BF4B-00C04F79EFBC}") = "AnaMPrimerParcial", "AnaMPrimerParcial.csproj", "{4DC52C6E-CA9F-4C92-ABDB-162EC029C95E}"
EndProject
Global
	GlobalSection(SolutionConfigurationPlatforms) = preSolution
		Debug|Any CPU = Debug|Any CPU
		Release|Any CPU = Release|Any CPU
	EndGlobalSection
	GlobalSection(ProjectConfigurationPlatforms) = postSolution
		{4DC52C6E-CA9F-4C92-ABDB-162EC029C95E}.Debug|Any CPU.ActiveCfg = Debug|Any CPU
		{4DC52C6E-CA9F-4C92-ABDB-162EC029C95E}.Debug|Any CPU.Build.0 = Debug|Any CPU
		{4DC52C6E-CA9F-4C92-ABDB-162EC029C95E}.Release|Any CPU.ActiveCfg = Release|Any CPU
		{4DC52C6E-CA9F-4C92-ABDB-162EC029C95E}.Release|Any CPU.Build.0 = Release|Any CPU
	EndGlobalSection
	GlobalSection(SolutionProperties) = preSolution
		HideSolutionNode = FALSE
	EndGlobalSection
	GlobalSection(ExtensibilityGlobals) = postSolution
		SolutionGuid = {D1168B32-32C1-43EC-BA63-0B51C4CFEE66}
	EndGlobalSection
EndGlobal
